
Microsoft Visual Studio Solution File, Format Version 12.00
# Visual Studio 14
VisualStudioVersion = 14.0.23107.0
MinimumVisualStudioVersion = 10.0.40219.1
Project("{FAE04EC0-301F-11D3-BF4B-00C04F79EFBC}") = "Client", "Client\Client.csproj", "{38614659-78BF-4C97-B0A3-54955E744AB2}"
EndProject
Project("{FAE04EC0-301F-11D3-BF4B-00C04F79EFBC}") = "Common", "Common\Common.csproj", "{7B2DA646-B68F-4108-8E5D-994BD763618B}"
EndProject
Project("{FAE04EC0-301F-11D3-BF4B-00C04F79EFBC}") = "Server", "Server\Server.csproj", "{01173201-2FAA-415D-A903-C3D6B46A0440}"
EndProject
Global
	GlobalSection(SolutionConfigurationPlatforms) = preSolution
		Debug|Any CPU = Debug|Any CPU
		Release|Any CPU = Release|Any CPU
	EndGlobalSection
	GlobalSection(ProjectConfigurationPlatforms) = postSolution
		{38614659-78BF-4C97-B0A3-54955E744AB2}.Debug|Any CPU.ActiveCfg = Debug|Any CPU
		{38614659-78BF-4C97-B0A3-54955E744AB2}.Debug|Any CPU.Build.0 = Debug|Any CPU
		{38614659-78BF-4C97-B0A3-54955E744AB2}.Release|Any CPU.ActiveCfg = Release|Any CPU
		{38614659-78BF-4C97-B0A3-54955E744AB2}.Release|Any CPU.Build.0 = Release|Any CPU
		{7B2DA646-B68F-4108-8E5D-994BD763618B}.Debug|Any CPU.ActiveCfg = Debug|Any CPU
		{7B2DA646-B68F-4108-8E5D-994BD763618B}.Debug|Any CPU.Build.0 = Debug|Any CPU
		{7B2DA646-B68F-4108-8E5D-994BD763618B}.Release|Any CPU.ActiveCfg = Release|Any CPU
		{7B2DA646-B68F-4108-8E5D-994BD763618B}.Release|Any CPU.Build.0 = Release|Any CPU
		{01173201-2FAA-415D-A903-C3D6B46A0440}.Debug|Any CPU.ActiveCfg = Debug|Any CPU
		{01173201-2FAA-415D-A903-C3D6B46A0440}.Debug|Any CPU.Build.0 = Debug|Any CPU
		{01173201-2FAA-415D-A903-C3D6B46A0440}.Release|Any CPU.ActiveCfg = Release|Any CPU
		{01173201-2FAA-415D-A903-C3D6B46A0440}.Release|Any CPU.Build.0 = Release|Any CPU
	EndGlobalSection
	GlobalSection(SolutionProperties) = preSolution
		HideSolutionNode = FALSE
	EndGlobalSection
EndGlobal
